
Microsoft Visual Studio Solution File, Format Version 12.00
Project("{FAE04EC0-301F-11D3-BF4B-00C04F79EFBC}") = "API", "API\API.csproj", "{6C72FE30-409A-4562-B1A9-B952B0BAEED0}"
EndProject
Project("{FAE04EC0-301F-11D3-BF4B-00C04F79EFBC}") = "Core", "Core\Core.csproj", "{BF956C2B-6BE5-4336-A8BF-6A71FE7E4973}"
EndProject
Project("{FAE04EC0-301F-11D3-BF4B-00C04F79EFBC}") = "Data", "Data\Data.csproj", "{3D731458-1C38-4C32-8884-D0AC06488DBD}"
EndProject
Project("{FAE04EC0-301F-11D3-BF4B-00C04F79EFBC}") = "Service", "Service\Service.csproj", "{DF0E37B8-7F08-40BB-AC59-2E9725D85B75}"
EndProject
Project("{FAE04EC0-301F-11D3-BF4B-00C04F79EFBC}") = "Specflow.Component", "Specflow.Component\Specflow.Component.csproj", "{44275C32-4F97-422B-9781-188AE86955C6}"
EndProject
Global
	GlobalSection(SolutionConfigurationPlatforms) = preSolution
		Debug|Any CPU = Debug|Any CPU
		Release|Any CPU = Release|Any CPU
	EndGlobalSection
	GlobalSection(ProjectConfigurationPlatforms) = postSolution
		{6C72FE30-409A-4562-B1A9-B952B0BAEED0}.Debug|Any CPU.ActiveCfg = Debug|Any CPU
		{6C72FE30-409A-4562-B1A9-B952B0BAEED0}.Debug|Any CPU.Build.0 = Debug|Any CPU
		{6C72FE30-409A-4562-B1A9-B952B0BAEED0}.Release|Any CPU.ActiveCfg = Release|Any CPU
		{6C72FE30-409A-4562-B1A9-B952B0BAEED0}.Release|Any CPU.Build.0 = Release|Any CPU
		{BF956C2B-6BE5-4336-A8BF-6A71FE7E4973}.Debug|Any CPU.ActiveCfg = Debug|Any CPU
		{BF956C2B-6BE5-4336-A8BF-6A71FE7E4973}.Debug|Any CPU.Build.0 = Debug|Any CPU
		{BF956C2B-6BE5-4336-A8BF-6A71FE7E4973}.Release|Any CPU.ActiveCfg = Release|Any CPU
		{BF956C2B-6BE5-4336-A8BF-6A71FE7E4973}.Release|Any CPU.Build.0 = Release|Any CPU
		{3D731458-1C38-4C32-8884-D0AC06488DBD}.Debug|Any CPU.ActiveCfg = Debug|Any CPU
		{3D731458-1C38-4C32-8884-D0AC06488DBD}.Debug|Any CPU.Build.0 = Debug|Any CPU
		{3D731458-1C38-4C32-8884-D0AC06488DBD}.Release|Any CPU.ActiveCfg = Release|Any CPU
		{3D731458-1C38-4C32-8884-D0AC06488DBD}.Release|Any CPU.Build.0 = Release|Any CPU
		{DF0E37B8-7F08-40BB-AC59-2E9725D85B75}.Debug|Any CPU.ActiveCfg = Debug|Any CPU
		{DF0E37B8-7F08-40BB-AC59-2E9725D85B75}.Debug|Any CPU.Build.0 = Debug|Any CPU
		{DF0E37B8-7F08-40BB-AC59-2E9725D85B75}.Release|Any CPU.ActiveCfg = Release|Any CPU
		{DF0E37B8-7F08-40BB-AC59-2E9725D85B75}.Release|Any CPU.Build.0 = Release|Any CPU
		{44275C32-4F97-422B-9781-188AE86955C6}.Debug|Any CPU.ActiveCfg = Debug|Any CPU
		{44275C32-4F97-422B-9781-188AE86955C6}.Debug|Any CPU.Build.0 = Debug|Any CPU
		{44275C32-4F97-422B-9781-188AE86955C6}.Release|Any CPU.ActiveCfg = Release|Any CPU
		{44275C32-4F97-422B-9781-188AE86955C6}.Release|Any CPU.Build.0 = Release|Any CPU
	EndGlobalSection
EndGlobal
